
Microsoft Visual Studio Solution File, Format Version 12.00
# Visual Studio Version 16
VisualStudioVersion = 16.0.31605.320
MinimumVisualStudioVersion = 10.0.40219.1
Project("{FAE04EC0-301F-11D3-BF4B-00C04F79EFBC}") = "PartnerInvestmentGame", "PartnerInvestmentGame\PartnerInvestmentGame.csproj", "{05826829-E921-47F4-920B-AE7B6159EAEB}"
EndProject
Project("{FAE04EC0-301F-11D3-BF4B-00C04F79EFBC}") = "ScoresRepoTests", "ScoresRepoTests\ScoresRepoTests.csproj", "{7DDB5D96-D9ED-44E0-B5F2-D4927FAAB37B}"
EndProject
Global
	GlobalSection(SolutionConfigurationPlatforms) = preSolution
		Debug|Any CPU = Debug|Any CPU
		Release|Any CPU = Release|Any CPU
	EndGlobalSection
	GlobalSection(ProjectConfigurationPlatforms) = postSolution
		{05826829-E921-47F4-920B-AE7B6159EAEB}.Debug|Any CPU.ActiveCfg = Debug|Any CPU
		{05826829-E921-47F4-920B-AE7B6159EAEB}.Debug|Any CPU.Build.0 = Debug|Any CPU
		{05826829-E921-47F4-920B-AE7B6159EAEB}.Release|Any CPU.ActiveCfg = Release|Any CPU
		{05826829-E921-47F4-920B-AE7B6159EAEB}.Release|Any CPU.Build.0 = Release|Any CPU
		{7DDB5D96-D9ED-44E0-B5F2-D4927FAAB37B}.Debug|Any CPU.ActiveCfg = Debug|Any CPU
		{7DDB5D96-D9ED-44E0-B5F2-D4927FAAB37B}.Debug|Any CPU.Build.0 = Debug|Any CPU
		{7DDB5D96-D9ED-44E0-B5F2-D4927FAAB37B}.Release|Any CPU.ActiveCfg = Release|Any CPU
		{7DDB5D96-D9ED-44E0-B5F2-D4927FAAB37B}.Release|Any CPU.Build.0 = Release|Any CPU
	EndGlobalSection
	GlobalSection(SolutionProperties) = preSolution
		HideSolutionNode = FALSE
	EndGlobalSection
	GlobalSection(ExtensibilityGlobals) = postSolution
		SolutionGuid = {823B79FA-2F58-442A-A41B-22383FE40E0C}
	EndGlobalSection
EndGlobal
